
Microsoft Visual Studio Solution File, Format Version 12.00
# Visual Studio Version 17
VisualStudioVersion = 17.9.34622.214
MinimumVisualStudioVersion = 10.0.40219.1
Project("{9A19103F-16F7-4668-BE54-9A1E7A4F7556}") = "IMobile.Business", "IMobile.Business\IMobile.Business.csproj", "{20AA4693-CC92-4C62-AC42-66D84C2EDF2C}"
EndProject
Project("{9A19103F-16F7-4668-BE54-9A1E7A4F7556}") = "IMobile.Entities", "IMobile.Entities\IMobile.Entities.csproj", "{51E92690-D2BC-4C9E-95E7-252DF6A39D29}"
EndProject
Project("{9A19103F-16F7-4668-BE54-9A1E7A4F7556}") = "IMobile.DataAccess", "IMobile.DataAccess\IMobile.DataAccess.csproj", "{BD3AA4D8-BA1B-4276-966D-86D799C4B87E}"
EndProject
Project("{9A19103F-16F7-4668-BE54-9A1E7A4F7556}") = "IMobile.UI", "IMobile.UI\IMobile.UI.csproj", "{52000BCB-26C4-4AC0-A80D-3649FDEB4527}"
EndProject
Project("{FAE04EC0-301F-11D3-BF4B-00C04F79EFBC}") = "IMobile.Core", "IMobile.Core\IMobile.Core.csproj", "{FD4A9D30-7692-4920-B15B-77A1784DD625}"
EndProject
Global
	GlobalSection(SolutionConfigurationPlatforms) = preSolution
		Debug|Any CPU = Debug|Any CPU
		Release|Any CPU = Release|Any CPU
	EndGlobalSection
	GlobalSection(ProjectConfigurationPlatforms) = postSolution
		{20AA4693-CC92-4C62-AC42-66D84C2EDF2C}.Debug|Any CPU.ActiveCfg = Debug|Any CPU
		{20AA4693-CC92-4C62-AC42-66D84C2EDF2C}.Debug|Any CPU.Build.0 = Debug|Any CPU
		{20AA4693-CC92-4C62-AC42-66D84C2EDF2C}.Release|Any CPU.ActiveCfg = Release|Any CPU
		{20AA4693-CC92-4C62-AC42-66D84C2EDF2C}.Release|Any CPU.Build.0 = Release|Any CPU
		{51E92690-D2BC-4C9E-95E7-252DF6A39D29}.Debug|Any CPU.ActiveCfg = Debug|Any CPU
		{51E92690-D2BC-4C9E-95E7-252DF6A39D29}.Debug|Any CPU.Build.0 = Debug|Any CPU
		{51E92690-D2BC-4C9E-95E7-252DF6A39D29}.Release|Any CPU.ActiveCfg = Release|Any CPU
		{51E92690-D2BC-4C9E-95E7-252DF6A39D29}.Release|Any CPU.Build.0 = Release|Any CPU
		{BD3AA4D8-BA1B-4276-966D-86D799C4B87E}.Debug|Any CPU.ActiveCfg = Debug|Any CPU
		{BD3AA4D8-BA1B-4276-966D-86D799C4B87E}.Debug|Any CPU.Build.0 = Debug|Any CPU
		{BD3AA4D8-BA1B-4276-966D-86D799C4B87E}.Release|Any CPU.ActiveCfg = Release|Any CPU
		{BD3AA4D8-BA1B-4276-966D-86D799C4B87E}.Release|Any CPU.Build.0 = Release|Any CPU
		{52000BCB-26C4-4AC0-A80D-3649FDEB4527}.Debug|Any CPU.ActiveCfg = Debug|Any CPU
		{52000BCB-26C4-4AC0-A80D-3649FDEB4527}.Debug|Any CPU.Build.0 = Debug|Any CPU
		{52000BCB-26C4-4AC0-A80D-3649FDEB4527}.Release|Any CPU.ActiveCfg = Release|Any CPU
		{52000BCB-26C4-4AC0-A80D-3649FDEB4527}.Release|Any CPU.Build.0 = Release|Any CPU
		{FD4A9D30-7692-4920-B15B-77A1784DD625}.Debug|Any CPU.ActiveCfg = Debug|Any CPU
		{FD4A9D30-7692-4920-B15B-77A1784DD625}.Debug|Any CPU.Build.0 = Debug|Any CPU
		{FD4A9D30-7692-4920-B15B-77A1784DD625}.Release|Any CPU.ActiveCfg = Release|Any CPU
		{FD4A9D30-7692-4920-B15B-77A1784DD625}.Release|Any CPU.Build.0 = Release|Any CPU
	EndGlobalSection
	GlobalSection(SolutionProperties) = preSolution
		HideSolutionNode = FALSE
	EndGlobalSection
	GlobalSection(ExtensibilityGlobals) = postSolution
		SolutionGuid = {52341AF1-AFE0-497F-98C8-309952663216}
	EndGlobalSection
EndGlobal
